// !$*UTF8*$!
{
	archiveVersion = 1;
	classes = {
	};
	objectVersion = 48;
	objects = {

/* Begin PBXBuildFile section */
		D13A0CD220265E7E000882E6 /* AppDelegate.swift in Sources */ = {isa = PBXBuildFile; fileRef = D13A0CD120265E7E000882E6 /* AppDelegate.swift */; };
		D13A0CD420265E7E000882E6 /* ViewController.swift in Sources */ = {isa = PBXBuildFile; fileRef = D13A0CD320265E7E000882E6 /* ViewController.swift */; };
		D13A0CD720265E7E000882E6 /* Main.storyboard in Resources */ = {isa = PBXBuildFile; fileRef = D13A0CD520265E7E000882E6 /* Main.storyboard */; };
		D13A0CDA20265E7E000882E6 /* Digest.xcdatamodeld in Sources */ = {isa = PBXBuildFile; fileRef = D13A0CD820265E7E000882E6 /* Digest.xcdatamodeld */; };
		D13A0CDC20265E7E000882E6 /* Assets.xcassets in Resources */ = {isa = PBXBuildFile; fileRef = D13A0CDB20265E7E000882E6 /* Assets.xcassets */; };
		D13A0CDF20265E7E000882E6 /* LaunchScreen.storyboard in Resources */ = {isa = PBXBuildFile; fileRef = D13A0CDD20265E7E000882E6 /* LaunchScreen.storyboard */; };
		D13A0CEA20265E7E000882E6 /* DigestTests.swift in Sources */ = {isa = PBXBuildFile; fileRef = D13A0CE920265E7E000882E6 /* DigestTests.swift */; };
		D13A0CF520265E7E000882E6 /* DigestUITests.swift in Sources */ = {isa = PBXBuildFile; fileRef = D13A0CF420265E7E000882E6 /* DigestUITests.swift */; };
/* End PBXBuildFile section */

/* Begin PBXContainerItemProxy section */
		D13A0CE620265E7E000882E6 /* PBXContainerItemProxy */ = {
			isa = PBXContainerItemProxy;
			containerPortal = D13A0CC620265E7E000882E6 /* Project object */;
			proxyType = 1;
			remoteGlobalIDString = D13A0CCD20265E7E000882E6;
			remoteInfo = Digest;
		};
		D13A0CF120265E7E000882E6 /* PBXContainerItemProxy */ = {
			isa = PBXContainerItemProxy;
			containerPortal = D13A0CC620265E7E000882E6 /* Project object */;
			proxyType = 1;
			remoteGlobalIDString = D13A0CCD20265E7E000882E6;
			remoteInfo = Digest;
		};
/* End PBXContainerItemProxy section */

/* Begin PBXFileReference section */
		D13A0CCE20265E7E000882E6 /* Digest.app */ = {isa = PBXFileReference; explicitFileType = wrapper.application; includeInIndex = 0; path = Digest.app; sourceTree = BUILT_PRODUCTS_DIR; };
		D13A0CD120265E7E000882E6 /* AppDelegate.swift */ = {isa = PBXFileReference; lastKnownFileType = sourcecode.swift; path = AppDelegate.swift; sourceTree = "<group>"; };
		D13A0CD320265E7E000882E6 /* ViewController.swift */ = {isa = PBXFileReference; lastKnownFileType = sourcecode.swift; path = ViewController.swift; sourceTree = "<group>"; };
		D13A0CD620265E7E000882E6 /* Base */ = {isa = PBXFileReference; lastKnownFileType = file.storyboard; name = Base; path = Base.lproj/Main.storyboard; sourceTree = "<group>"; };
		D13A0CD920265E7E000882E6 /* Digest.xcdatamodel */ = {isa = PBXFileReference; lastKnownFileType = wrapper.xcdatamodel; path = Digest.xcdatamodel; sourceTree = "<group>"; };
		D13A0CDB20265E7E000882E6 /* Assets.xcassets */ = {isa = PBXFileReference; lastKnownFileType = folder.assetcatalog; path = Assets.xcassets; sourceTree = "<group>"; };
		D13A0CDE20265E7E000882E6 /* Base */ = {isa = PBXFileReference; lastKnownFileType = file.storyboard; name = Base; path = Base.lproj/LaunchScreen.storyboard; sourceTree = "<group>"; };
		D13A0CE020265E7E000882E6 /* Info.plist */ = {isa = PBXFileReference; lastKnownFileType = text.plist.xml; path = Info.plist; sourceTree = "<group>"; };
		D13A0CE520265E7E000882E6 /* DigestTests.xctest */ = {isa = PBXFileReference; explicitFileType = wrapper.cfbundle; includeInIndex = 0; path = DigestTests.xctest; sourceTree = BUILT_PRODUCTS_DIR; };
		D13A0CE920265E7E000882E6 /* DigestTests.swift */ = {isa = PBXFileReference; lastKnownFileType = sourcecode.swift; path = DigestTests.swift; sourceTree = "<group>"; };
		D13A0CEB20265E7E000882E6 /* Info.plist */ = {isa = PBXFileReference; lastKnownFileType = text.plist.xml; path = Info.plist; sourceTree = "<group>"; };
		D13A0CF020265E7E000882E6 /* DigestUITests.xctest */ = {isa = PBXFileReference; explicitFileType = wrapper.cfbundle; includeInIndex = 0; path = DigestUITests.xctest; sourceTree = BUILT_PRODUCTS_DIR; };
		D13A0CF420265E7E000882E6 /* DigestUITests.swift */ = {isa = PBXFileReference; lastKnownFileType = sourcecode.swift; path = DigestUITests.swift; sourceTree = "<group>"; };
		D13A0CF620265E7E000882E6 /* Info.plist */ = {isa = PBXFileReference; lastKnownFileType = text.plist.xml; path = Info.plist; sourceTree = "<group>"; };
/* End PBXFileReference section */

/* Begin PBXFrameworksBuildPhase section */
		D13A0CCB20265E7E000882E6 /* Frameworks */ = {
			isa = PBXFrameworksBuildPhase;
			buildActionMask = 2147483647;
			files = (
			);
			runOnlyForDeploymentPostprocessing = 0;
		};
		D13A0CE220265E7E000882E6 /* Frameworks */ = {
			isa = PBXFrameworksBuildPhase;
			buildActionMask = 2147483647;
			files = (
			);
			runOnlyForDeploymentPostprocessing = 0;
		};
		D13A0CED20265E7E000882E6 /* Frameworks */ = {
			isa = PBXFrameworksBuildPhase;
			buildActionMask = 2147483647;
			files = (
			);
			runOnlyForDeploymentPostprocessing = 0;
		};
/* End PBXFrameworksBuildPhase section */

/* Begin PBXGroup section */
		D13A0CC520265E7E000882E6 = {
			isa = PBXGroup;
			children = (
				D13A0CD020265E7E000882E6 /* Digest */,
				D13A0CE820265E7E000882E6 /* DigestTests */,
				D13A0CF320265E7E000882E6 /* DigestUITests */,
				D13A0CCF20265E7E000882E6 /* Products */,
			);
			sourceTree = "<group>";
		};
		D13A0CCF20265E7E000882E6 /* Products */ = {
			isa = PBXGroup;
			children = (
				D13A0CCE20265E7E000882E6 /* Digest.app */,
				D13A0CE520265E7E000882E6 /* DigestTests.xctest */,
				D13A0CF020265E7E000882E6 /* DigestUITests.xctest */,
			);
			name = Products;
			sourceTree = "<group>";
		};
		D13A0CD020265E7E000882E6 /* Digest */ = {
			isa = PBXGroup;
			children = (
				D13A0CD120265E7E000882E6 /* AppDelegate.swift */,
				D13A0CD320265E7E000882E6 /* ViewController.swift */,
				D13A0CD520265E7E000882E6 /* Main.storyboard */,
				D13A0CDB20265E7E000882E6 /* Assets.xcassets */,
				D13A0CDD20265E7E000882E6 /* LaunchScreen.storyboard */,
				D13A0CE020265E7E000882E6 /* Info.plist */,
				D13A0CD820265E7E000882E6 /* Digest.xcdatamodeld */,
			);
			path = Digest;
			sourceTree = "<group>";
		};
		D13A0CE820265E7E000882E6 /* DigestTests */ = {
			isa = PBXGroup;
			children = (
				D13A0CE920265E7E000882E6 /* DigestTests.swift */,
				D13A0CEB20265E7E000882E6 /* Info.plist */,
			);
			path = DigestTests;
			sourceTree = "<group>";
		};
		D13A0CF320265E7E000882E6 /* DigestUITests */ = {
			isa = PBXGroup;
			children = (
				D13A0CF420265E7E000882E6 /* DigestUITests.swift */,
				D13A0CF620265E7E000882E6 /* Info.plist */,
			);
			path = DigestUITests;
			sourceTree = "<group>";
		};
/* End PBXGroup section */

/* Begin PBXNativeTarget section */
		D13A0CCD20265E7E000882E6 /* Digest */ = {
			isa = PBXNativeTarget;
			buildConfigurationList = D13A0CF920265E7E000882E6 /* Build configuration list for PBXNativeTarget "Digest" */;
			buildPhases = (
				D13A0CCA20265E7E000882E6 /* Sources */,
				D13A0CCB20265E7E000882E6 /* Frameworks */,
				D13A0CCC20265E7E000882E6 /* Resources */,
			);
			buildRules = (
			);
			dependencies = (
			);
			name = Digest;
			productName = Digest;
			productReference = D13A0CCE20265E7E000882E6 /* Digest.app */;
			productType = "com.apple.product-type.application";
		};
		D13A0CE420265E7E000882E6 /* DigestTests */ = {
			isa = PBXNativeTarget;
			buildConfigurationList = D13A0CFC20265E7E000882E6 /* Build configuration list for PBXNativeTarget "DigestTests" */;
			buildPhases = (
				D13A0CE120265E7E000882E6 /* Sources */,
				D13A0CE220265E7E000882E6 /* Frameworks */,
				D13A0CE320265E7E000882E6 /* Resources */,
			);
			buildRules = (
			);
			dependencies = (
				D13A0CE720265E7E000882E6 /* PBXTargetDependency */,
			);
			name = DigestTests;
			productName = DigestTests;
			productReference = D13A0CE520265E7E000882E6 /* DigestTests.xctest */;
			productType = "com.apple.product-type.bundle.unit-test";
		};
		D13A0CEF20265E7E000882E6 /* DigestUITests */ = {
			isa = PBXNativeTarget;
			buildConfigurationList = D13A0CFF20265E7E000882E6 /* Build configuration list for PBXNativeTarget "DigestUITests" */;
			buildPhases = (
				D13A0CEC20265E7E000882E6 /* Sources */,
				D13A0CED20265E7E000882E6 /* Frameworks */,
				D13A0CEE20265E7E000882E6 /* Resources */,
			);
			buildRules = (
			);
			dependencies = (
				D13A0CF220265E7E000882E6 /* PBXTargetDependency */,
			);
			name = DigestUITests;
			productName = DigestUITests;
			productReference = D13A0CF020265E7E000882E6 /* DigestUITests.xctest */;
			productType = "com.apple.product-type.bundle.ui-testing";
		};
/* End PBXNativeTarget section */

/* Begin PBXProject section */
		D13A0CC620265E7E000882E6 /* Project object */ = {
			isa = PBXProject;
			attributes = {
				LastSwiftUpdateCheck = 0900;
				LastUpgradeCheck = 0900;
				ORGANIZATIONNAME = "Kaan Ozkan";
				TargetAttributes = {
					D13A0CCD20265E7E000882E6 = {
						CreatedOnToolsVersion = 9.0.1;
						ProvisioningStyle = Automatic;
					};
					D13A0CE420265E7E000882E6 = {
						CreatedOnToolsVersion = 9.0.1;
						ProvisioningStyle = Automatic;
						TestTargetID = D13A0CCD20265E7E000882E6;
					};
					D13A0CEF20265E7E000882E6 = {
						CreatedOnToolsVersion = 9.0.1;
						ProvisioningStyle = Automatic;
						TestTargetID = D13A0CCD20265E7E000882E6;
					};
				};
			};
			buildConfigurationList = D13A0CC920265E7E000882E6 /* Build configuration list for PBXProject "Digest" */;
			compatibilityVersion = "Xcode 8.0";
			developmentRegion = en;
			hasScannedForEncodings = 0;
			knownRegions = (
				en,
				Base,
			);
			mainGroup = D13A0CC520265E7E000882E6;
			productRefGroup = D13A0CCF20265E7E000882E6 /* Products */;
			projectDirPath = "";
			projectRoot = "";
			targets = (
				D13A0CCD20265E7E000882E6 /* Digest */,
				D13A0CE420265E7E000882E6 /* DigestTests */,
				D13A0CEF20265E7E000882E6 /* DigestUITests */,
			);
		};
/* End PBXProject section */

/* Begin PBXResourcesBuildPhase section */
		D13A0CCC20265E7E000882E6 /* Resources */ = {
			isa = PBXResourcesBuildPhase;
			buildActionMask = 2147483647;
			files = (
				D13A0CDF20265E7E000882E6 /* LaunchScreen.storyboard in Resources */,
				D13A0CDC20265E7E000882E6 /* Assets.xcassets in Resources */,
				D13A0CD720265E7E000882E6 /* Main.storyboard in Resources */,
			);
			runOnlyForDeploymentPostprocessing = 0;
		};
		D13A0CE320265E7E000882E6 /* Resources */ = {
			isa = PBXResourcesBuildPhase;
			buildActionMask = 2147483647;
			files = (
			);
			runOnlyForDeploymentPostprocessing = 0;
		};
		D13A0CEE20265E7E000882E6 /* Resources */ = {
			isa = PBXResourcesBuildPhase;
			buildActionMask = 2147483647;
			files = (
			);
			runOnlyForDeploymentPostprocessing = 0;
		};
/* End PBXResourcesBuildPhase section */

/* Begin PBXSourcesBuildPhase section */
		D13A0CCA20265E7E000882E6 /* Sources */ = {
			isa = PBXSourcesBuildPhase;
			buildActionMask = 2147483647;
			files = (
				D13A0CD420265E7E000882E6 /* ViewController.swift in Sources */,
				D13A0CD220265E7E000882E6 /* AppDelegate.swift in Sources */,
				D13A0CDA20265E7E000882E6 /* Digest.xcdatamodeld in Sources */,
			);
			runOnlyForDeploymentPostprocessing = 0;
		};
		D13A0CE120265E7E000882E6 /* Sources */ = {
			isa = PBXSourcesBuildPhase;
			buildActionMask = 2147483647;
			files = (
				D13A0CEA20265E7E000882E6 /* DigestTests.swift in Sources */,
			);
			runOnlyForDeploymentPostprocessing = 0;
		};
		D13A0CEC20265E7E000882E6 /* Sources */ = {
			isa = PBXSourcesBuildPhase;
			buildActionMask = 2147483647;
			files = (
				D13A0CF520265E7E000882E6 /* DigestUITests.swift in Sources */,
			);
			runOnlyForDeploymentPostprocessing = 0;
		};
/* End PBXSourcesBuildPhase section */

/* Begin PBXTargetDependency section */
		D13A0CE720265E7E000882E6 /* PBXTargetDependency */ = {
			isa = PBXTargetDependency;
			target = D13A0CCD20265E7E000882E6 /* Digest */;
			targetProxy = D13A0CE620265E7E000882E6 /* PBXContainerItemProxy */;
		};
		D13A0CF220265E7E000882E6 /* PBXTargetDependency */ = {
			isa = PBXTargetDependency;
			target = D13A0CCD20265E7E000882E6 /* Digest */;
			targetProxy = D13A0CF120265E7E000882E6 /* PBXContainerItemProxy */;
		};
/* End PBXTargetDependency section */

/* Begin PBXVariantGroup section */
		D13A0CD520265E7E000882E6 /* Main.storyboard */ = {
			isa = PBXVariantGroup;
			children = (
				D13A0CD620265E7E000882E6 /* Base */,
			);
			name = Main.storyboard;
			sourceTree = "<group>";
		};
		D13A0CDD20265E7E000882E6 /* LaunchScreen.storyboard */ = {
			isa = PBXVariantGroup;
			children = (
				D13A0CDE20265E7E000882E6 /* Base */,
			);
			name = LaunchScreen.storyboard;
			sourceTree = "<group>";
		};
/* End PBXVariantGroup section */

/* Begin XCBuildConfiguration section */
		D13A0CF720265E7E000882E6 /* Debug */ = {
			isa = XCBuildConfiguration;
			buildSettings = {
				ALWAYS_SEARCH_USER_PATHS = NO;
				CLANG_ANALYZER_NONNULL = YES;
				CLANG_ANALYZER_NUMBER_OBJECT_CONVERSION = YES_AGGRESSIVE;
				CLANG_CXX_LANGUAGE_STANDARD = "gnu++14";
				CLANG_CXX_LIBRARY = "libc++";
				CLANG_ENABLE_MODULES = YES;
				CLANG_ENABLE_OBJC_ARC = YES;
				CLANG_WARN_BLOCK_CAPTURE_AUTORELEASING = YES;
				CLANG_WARN_BOOL_CONVERSION = YES;
				CLANG_WARN_COMMA = YES;
				CLANG_WARN_CONSTANT_CONVERSION = YES;
				CLANG_WARN_DIRECT_OBJC_ISA_USAGE = YES_ERROR;
				CLANG_WARN_DOCUMENTATION_COMMENTS = YES;
				CLANG_WARN_EMPTY_BODY = YES;
				CLANG_WARN_ENUM_CONVERSION = YES;
				CLANG_WARN_INFINITE_RECURSION = YES;
				CLANG_WARN_INT_CONVERSION = YES;
				CLANG_WARN_NON_LITERAL_NULL_CONVERSION = YES;
				CLANG_WARN_OBJC_LITERAL_CONVERSION = YES;
				CLANG_WARN_OBJC_ROOT_CLASS = YES_ERROR;
				CLANG_WARN_RANGE_LOOP_ANALYSIS = YES;
				CLANG_WARN_STRICT_PROTOTYPES = YES;
				CLANG_WARN_SUSPICIOUS_MOVE = YES;
				CLANG_WARN_UNGUARDED_AVAILABILITY = YES_AGGRESSIVE;
				CLANG_WARN_UNREACHABLE_CODE = YES;
				CLANG_WARN__DUPLICATE_METHOD_MATCH = YES;
				CODE_SIGN_IDENTITY = "iPhone Developer";
				COPY_PHASE_STRIP = NO;
				DEBUG_INFORMATION_FORMAT = dwarf;
				ENABLE_STRICT_OBJC_MSGSEND = YES;
				ENABLE_TESTABILITY = YES;
				GCC_C_LANGUAGE_STANDARD = gnu11;
				GCC_DYNAMIC_NO_PIC = NO;
				GCC_NO_COMMON_BLOCKS = YES;
				GCC_OPTIMIZATION_LEVEL = 0;
				GCC_PREPROCESSOR_DEFINITIONS = (
					"DEBUG=1",
					"$(inherited)",
				);
				GCC_WARN_64_TO_32_BIT_CONVERSION = YES;
				GCC_WARN_ABOUT_RETURN_TYPE = YES_ERROR;
				GCC_WARN_UNDECLARED_SELECTOR = YES;
				GCC_WARN_UNINITIALIZED_AUTOS = YES_AGGRESSIVE;
				GCC_WARN_UNUSED_FUNCTION = YES;
				GCC_WARN_UNUSED_VARIABLE = YES;
				IPHONEOS_DEPLOYMENT_TARGET = 11.0;
				MTL_ENABLE_DEBUG_INFO = YES;
				ONLY_ACTIVE_ARCH = YES;
				SDKROOT = iphoneos;
				SWIFT_ACTIVE_COMPILATION_CONDITIONS = DEBUG;
				SWIFT_OPTIMIZATION_LEVEL = "-Onone";
			};
			name = Debug;
		};
		D13A0CF820265E7E000882E6 /* Release */ = {
			isa = XCBuildConfiguration;
			buildSettings = {
				ALWAYS_SEARCH_USER_PATHS = NO;
				CLANG_ANALYZER_NONNULL = YES;
				CLANG_ANALYZER_NUMBER_OBJECT_CONVERSION = YES_AGGRESSIVE;
				CLANG_CXX_LANGUAGE_STANDARD = "gnu++14";
				CLANG_CXX_LIBRARY = "libc++";
				CLANG_ENABLE_MODULES = YES;
				CLANG_ENABLE_OBJC_ARC = YES;
				CLANG_WARN_BLOCK_CAPTURE_AUTORELEASING = YES;
				CLANG_WARN_BOOL_CONVERSION = YES;
				CLANG_WARN_COMMA = YES;
				CLANG_WARN_CONSTANT_CONVERSION = YES;
				CLANG_WARN_DIRECT_OBJC_ISA_USAGE = YES_ERROR;
				CLANG_WARN_DOCUMENTATION_COMMENTS = YES;
				CLANG_WARN_EMPTY_BODY = YES;
				CLANG_WARN_ENUM_CONVERSION = YES;
				CLANG_WARN_INFINITE_RECURSION = YES;
				CLANG_WARN_INT_CONVERSION = YES;
				CLANG_WARN_NON_LITERAL_NULL_CONVERSION = YES;
				CLANG_WARN_OBJC_LITERAL_CONVERSION = YES;
				CLANG_WARN_OBJC_ROOT_CLASS = YES_ERROR;
				CLANG_WARN_RANGE_LOOP_ANALYSIS = YES;
				CLANG_WARN_STRICT_PROTOTYPES = YES;
				CLANG_WARN_SUSPICIOUS_MOVE = YES;
				CLANG_WARN_UNGUARDED_AVAILABILITY = YES_AGGRESSIVE;
				CLANG_WARN_UNREACHABLE_CODE = YES;
				CLANG_WARN__DUPLICATE_METHOD_MATCH = YES;
				CODE_SIGN_IDENTITY = "iPhone Developer";
				COPY_PHASE_STRIP = NO;
				DEBUG_INFORMATION_FORMAT = "dwarf-with-dsym";
				ENABLE_NS_ASSERTIONS = NO;
				ENABLE_STRICT_OBJC_MSGSEND = YES;
				GCC_C_LANGUAGE_STANDARD = gnu11;
				GCC_NO_COMMON_BLOCKS = YES;
				GCC_WARN_64_TO_32_BIT_CONVERSION = YES;
				GCC_WARN_ABOUT_RETURN_TYPE = YES_ERROR;
				GCC_WARN_UNDECLARED_SELECTOR = YES;
				GCC_WARN_UNINITIALIZED_AUTOS = YES_AGGRESSIVE;
				GCC_WARN_UNUSED_FUNCTION = YES;
				GCC_WARN_UNUSED_VARIABLE = YES;
				IPHONEOS_DEPLOYMENT_TARGET = 11.0;
				MTL_ENABLE_DEBUG_INFO = NO;
				SDKROOT = iphoneos;
				SWIFT_OPTIMIZATION_LEVEL = "-Owholemodule";
				VALIDATE_PRODUCT = YES;
			};
			name = Release;
		};
		D13A0CFA20265E7E000882E6 /* Debug */ = {
			isa = XCBuildConfiguration;
			buildSettings = {
				ASSETCATALOG_COMPILER_APPICON_NAME = AppIcon;
				CODE_SIGN_STYLE = Automatic;
				DEVELOPMENT_TEAM = T8V2B9549C;
				INFOPLIST_FILE = Digest/Info.plist;
				LD_RUNPATH_SEARCH_PATHS = "$(inherited) @executable_path/Frameworks";
				PRODUCT_BUNDLE_IDENTIFIER = com.kozkan.Digest;
				PRODUCT_NAME = "$(TARGET_NAME)";
				SWIFT_VERSION = 4.0;
				TARGETED_DEVICE_FAMILY = "1,2";
			};
			name = Debug;
		};
		D13A0CFB20265E7E000882E6 /* Release */ = {
			isa = XCBuildConfiguration;
			buildSettings = {
				ASSETCATALOG_COMPILER_APPICON_NAME = AppIcon;
				CODE_SIGN_STYLE = Automatic;
				DEVELOPMENT_TEAM = T8V2B9549C;
				INFOPLIST_FILE = Digest/Info.plist;
				LD_RUNPATH_SEARCH_PATHS = "$(inherited) @executable_path/Frameworks";
				PRODUCT_BUNDLE_IDENTIFIER = com.kozkan.Digest;
				PRODUCT_NAME = "$(TARGET_NAME)";
				SWIFT_VERSION = 4.0;
				TARGETED_DEVICE_FAMILY = "1,2";
			};
			name = Release;
		};
		D13A0CFD20265E7E000882E6 /* Debug */ = {
			isa = XCBuildConfiguration;
			buildSettings = {
				ALWAYS_EMBED_SWIFT_STANDARD_LIBRARIES = YES;
				BUNDLE_LOADER = "$(TEST_HOST)";
				CODE_SIGN_STYLE = Automatic;
				DEVELOPMENT_TEAM = T8V2B9549C;
				INFOPLIST_FILE = DigestTests/Info.plist;
				LD_RUNPATH_SEARCH_PATHS = "$(inherited) @executable_path/Frameworks @loader_path/Frameworks";
				PRODUCT_BUNDLE_IDENTIFIER = com.kozkan.DigestTests;
				PRODUCT_NAME = "$(TARGET_NAME)";
				SWIFT_VERSION = 4.0;
				TARGETED_DEVICE_FAMILY = "1,2";
				TEST_HOST = "$(BUILT_PRODUCTS_DIR)/Digest.app/Digest";
			};
			name = Debug;
		};
		D13A0CFE20265E7E000882E6 /* Release */ = {
			isa = XCBuildConfiguration;
			buildSettings = {
				ALWAYS_EMBED_SWIFT_STANDARD_LIBRARIES = YES;
				BUNDLE_LOADER = "$(TEST_HOST)";
				CODE_SIGN_STYLE = Automatic;
				DEVELOPMENT_TEAM = T8V2B9549C;
				INFOPLIST_FILE = DigestTests/Info.plist;
				LD_RUNPATH_SEARCH_PATHS = "$(inherited) @executable_path/Frameworks @loader_path/Frameworks";
				PRODUCT_BUNDLE_IDENTIFIER = com.kozkan.DigestTests;
				PRODUCT_NAME = "$(TARGET_NAME)";
				SWIFT_VERSION = 4.0;
				TARGETED_DEVICE_FAMILY = "1,2";
				TEST_HOST = "$(BUILT_PRODUCTS_DIR)/Digest.app/Digest";
			};
			name = Release;
		};
		D13A0D0020265E7E000882E6 /* Debug */ = {
			isa = XCBuildConfiguration;
			buildSettings = {
				ALWAYS_EMBED_SWIFT_STANDARD_LIBRARIES = YES;
				CODE_SIGN_STYLE = Automatic;
				DEVELOPMENT_TEAM = T8V2B9549C;
				INFOPLIST_FILE = DigestUITests/Info.plist;
				LD_RUNPATH_SEARCH_PATHS = "$(inherited) @executable_path/Frameworks @loader_path/Frameworks";
				PRODUCT_BUNDLE_IDENTIFIER = com.kozkan.DigestUITests;
				PRODUCT_NAME = "$(TARGET_NAME)";
				SWIFT_VERSION = 4.0;
				TARGETED_DEVICE_FAMILY = "1,2";
				TEST_TARGET_NAME = Digest;
			};
			name = Debug;
		};
		D13A0D0120265E7E000882E6 /* Release */ = {
			isa = XCBuildConfiguration;
			buildSettings = {
				ALWAYS_EMBED_SWIFT_STANDARD_LIBRARIES = YES;
				CODE_SIGN_STYLE = Automatic;
				DEVELOPMENT_TEAM = T8V2B9549C;
				INFOPLIST_FILE = DigestUITests/Info.plist;
				LD_RUNPATH_SEARCH_PATHS = "$(inherited) @executable_path/Frameworks @loader_path/Frameworks";
				PRODUCT_BUNDLE_IDENTIFIER = com.kozkan.DigestUITests;
				PRODUCT_NAME = "$(TARGET_NAME)";
				SWIFT_VERSION = 4.0;
				TARGETED_DEVICE_FAMILY = "1,2";
				TEST_TARGET_NAME = Digest;
			};
			name = Release;
		};
/* End XCBuildConfiguration section */

/* Begin XCConfigurationList section */
		D13A0CC920265E7E000882E6 /* Build configuration list for PBXProject "Digest" */ = {
			isa = XCConfigurationList;
			buildConfigurations = (
				D13A0CF720265E7E000882E6 /* Debug */,
				D13A0CF820265E7E000882E6 /* Release */,
			);
			defaultConfigurationIsVisible = 0;
			defaultConfigurationName = Release;
		};
		D13A0CF920265E7E000882E6 /* Build configuration list for PBXNativeTarget "Digest" */ = {
			isa = XCConfigurationList;
			buildConfigurations = (
				D13A0CFA20265E7E000882E6 /* Debug */,
				D13A0CFB20265E7E000882E6 /* Release */,
			);
			defaultConfigurationIsVisible = 0;
			defaultConfigurationName = Release;
		};
		D13A0CFC20265E7E000882E6 /* Build configuration list for PBXNativeTarget "DigestTests" */ = {
			isa = XCConfigurationList;
			buildConfigurations = (
				D13A0CFD20265E7E000882E6 /* Debug */,
				D13A0CFE20265E7E000882E6 /* Release */,
			);
			defaultConfigurationIsVisible = 0;
			defaultConfigurationName = Release;
		};
		D13A0CFF20265E7E000882E6 /* Build configuration list for PBXNativeTarget "DigestUITests" */ = {
			isa = XCConfigurationList;
			buildConfigurations = (
				D13A0D0020265E7E000882E6 /* Debug */,
				D13A0D0120265E7E000882E6 /* Release */,
			);
			defaultConfigurationIsVisible = 0;
			defaultConfigurationName = Release;
		};
/* End XCConfigurationList section */

/* Begin XCVersionGroup section */
		D13A0CD820265E7E000882E6 /* Digest.xcdatamodeld */ = {
			isa = XCVersionGroup;
			children = (
				D13A0CD920265E7E000882E6 /* Digest.xcdatamodel */,
			);
			currentVersion = D13A0CD920265E7E000882E6 /* Digest.xcdatamodel */;
			path = Digest.xcdatamodeld;
			sourceTree = "<group>";
			versionGroupType = wrapper.xcdatamodel;
		};
/* End XCVersionGroup section */
	};
	rootObject = D13A0CC620265E7E000882E6 /* Project object */;
}
